{
  "name": "mcp-ui",
  "version": "1.0.0",
  "lockfileVersion": 3,
  "requires": true,
  "packages": {
    "": {
      "name": "mcp-ui",
      "version": "1.0.0",
      "license": "ISC",
      "dependencies": {
        "mcp-ui": "^2.0.12"
      }
    },
    "node_modules/mcp-ui": {
      "version": "2.0.12",
      "resolved": "https://registry.npmjs.org/mcp-ui/-/mcp-ui-2.0.12.tgz",
      "integrity": "sha512-M4R+oMYbyjPgKsSoTYSPxKL9HEJhjf4jOMuGxK5dE87nqoFCN0xAVouj3aKyYNYem3iCPZa5VMJXvAjTlvj3HQ=="
    }
  }
}
